// !$*UTF8*$!
{
	archiveVersion = 1;
	classes = {
	};
	objectVersion = 56;
	objects = {

/* Begin PBXBuildFile section */
		1336526E2CE941470061D5B3 /* SettingsViewController.swift in Sources */ = {isa = PBXBuildFile; fileRef = 1336526C2CE941470061D5B3 /* SettingsViewController.swift */; };
		1336526F2CE941470061D5B3 /* StatsViewController.swift in Sources */ = {isa = PBXBuildFile; fileRef = 1336526D2CE941470061D5B3 /* StatsViewController.swift */; };
		133652702CE941470061D5B3 /* HomeViewContoller.swift in Sources */ = {isa = PBXBuildFile; fileRef = 1336526B2CE941470061D5B3 /* HomeViewContoller.swift */; };
		13D1ECA02D457B3600DB616F /* CurrentUser.swift in Sources */ = {isa = PBXBuildFile; fileRef = 13D1EC9F2D457B3300DB616F /* CurrentUser.swift */; };
		13D1ECA22D457B3F00DB616F /* UserService.swift in Sources */ = {isa = PBXBuildFile; fileRef = 13D1ECA12D457B3B00DB616F /* UserService.swift */; };
		41FD383D2D6163E900F56D4E /* ChangePasswordViewController.swift in Sources */ = {isa = PBXBuildFile; fileRef = 41FD383C2D6163D600F56D4E /* ChangePasswordViewController.swift */; };
		5E1A24B22D75B2270053454B /* CircularProgressView.swift in Sources */ = {isa = PBXBuildFile; fileRef = 5E1A24B12D75B2270053454B /* CircularProgressView.swift */; };
		5E64934E2CE91ADD00E10A3A /* AppDelegate.swift in Sources */ = {isa = PBXBuildFile; fileRef = 5E64934D2CE91ADD00E10A3A /* AppDelegate.swift */; };
		5E6493502CE91ADD00E10A3A /* SceneDelegate.swift in Sources */ = {isa = PBXBuildFile; fileRef = 5E64934F2CE91ADD00E10A3A /* SceneDelegate.swift */; };
		5E6493552CE91ADD00E10A3A /* Main.storyboard in Resources */ = {isa = PBXBuildFile; fileRef = 5E6493532CE91ADD00E10A3A /* Main.storyboard */; };
		5E64935A2CE91ADF00E10A3A /* LaunchScreen.storyboard in Resources */ = {isa = PBXBuildFile; fileRef = 5E6493582CE91ADF00E10A3A /* LaunchScreen.storyboard */; };
		5E8A3E5A2D3B1701001D3C03 /* SignUpViewController.swift in Sources */ = {isa = PBXBuildFile; fileRef = 5E8A3E592D3B1701001D3C03 /* SignUpViewController.swift */; };
		5E8A3E5C2D3B171D001D3C03 /* ForgotUserViewController.swift in Sources */ = {isa = PBXBuildFile; fileRef = 5E8A3E5B2D3B171D001D3C03 /* ForgotUserViewController.swift */; };
		5E8F35192D8EAF5D0018E62E /* ManagerPartListController.swift in Sources */ = {isa = PBXBuildFile; fileRef = 5E8F35182D8EAF5D0018E62E /* ManagerPartListController.swift */; };
		5E9FB6112D41981200168ABB /* FirebaseAuth in Frameworks */ = {isa = PBXBuildFile; productRef = 5E9FB6102D41981200168ABB /* FirebaseAuth */; };
		5E9FB6132D41981200168ABB /* FirebaseStorage in Frameworks */ = {isa = PBXBuildFile; productRef = 5E9FB6122D41981200168ABB /* FirebaseStorage */; };
		5E9FB6172D41A6AA00168ABB /* ScanListViewController.swift in Sources */ = {isa = PBXBuildFile; fileRef = 5E9FB6162D41A6AA00168ABB /* ScanListViewController.swift */; };
		5E9FB6192D41AC7000168ABB /* ScanListImageViewController.swift in Sources */ = {isa = PBXBuildFile; fileRef = 5E9FB6182D41AC7000168ABB /* ScanListImageViewController.swift */; };
		881317272D38E67B00A9E74C /* FirebaseAnalytics in Frameworks */ = {isa = PBXBuildFile; productRef = 881317262D38E67B00A9E74C /* FirebaseAnalytics */; };
		8813172B2D38ED9300A9E74C /* GoogleService-Info.plist in Resources */ = {isa = PBXBuildFile; fileRef = 8813172A2D38ED9300A9E74C /* GoogleService-Info.plist */; };
		8813172D2D38FE2E00A9E74C /* FirebaseDatabase in Frameworks */ = {isa = PBXBuildFile; productRef = 8813172C2D38FE2E00A9E74C /* FirebaseDatabase */; };
		8813172F2D39051900A9E74C /* LoginViewController.swift in Sources */ = {isa = PBXBuildFile; fileRef = 8813172E2D39051900A9E74C /* LoginViewController.swift */; };
		883F9F922D390D9A0016650A /* ViewController.swift in Sources */ = {isa = PBXBuildFile; fileRef = 883F9F912D390D9A0016650A /* ViewController.swift */; };
		8866184A2D71733C00B32D16 /* ActivityLogViewController.swift in Sources */ = {isa = PBXBuildFile; fileRef = 886618492D71733C00B32D16 /* ActivityLogViewController.swift */; };
		8869D0FE2D6D3404001C8728 /* Assets.xcassets in Resources */ = {isa = PBXBuildFile; fileRef = 8869D0FD2D6D3404001C8728 /* Assets.xcassets */; };
		888E75892D4249B20028D518 /* ManagerDashViewController.swift in Sources */ = {isa = PBXBuildFile; fileRef = 888E75882D4249B20028D518 /* ManagerDashViewController.swift */; };
		888E758B2D424B0F0028D518 /* EmployeeTableViewCell.swift in Sources */ = {isa = PBXBuildFile; fileRef = 888E758A2D424B0F0028D518 /* EmployeeTableViewCell.swift */; };
		888E758F2D425A020028D518 /* EmployeeDetailViewController.swift in Sources */ = {isa = PBXBuildFile; fileRef = 888E758E2D425A020028D518 /* EmployeeDetailViewController.swift */; };
		888E75912D425F530028D518 /* Employee.swift in Sources */ = {isa = PBXBuildFile; fileRef = 888E75902D425F530028D518 /* Employee.swift */; };
		88E5A6C52D63D6A900DBF47C /* ScanViewController.swift in Sources */ = {isa = PBXBuildFile; fileRef = 88E5A6C42D63D6A900DBF47C /* ScanViewController.swift */; };
/* End PBXBuildFile section */

/* Begin PBXFileReference section */
		1336526B2CE941470061D5B3 /* HomeViewContoller.swift */ = {isa = PBXFileReference; lastKnownFileType = sourcecode.swift; path = HomeViewContoller.swift; sourceTree = "<group>"; };
		1336526C2CE941470061D5B3 /* SettingsViewController.swift */ = {isa = PBXFileReference; lastKnownFileType = sourcecode.swift; path = SettingsViewController.swift; sourceTree = "<group>"; };
		1336526D2CE941470061D5B3 /* StatsViewController.swift */ = {isa = PBXFileReference; lastKnownFileType = sourcecode.swift; path = StatsViewController.swift; sourceTree = "<group>"; };
		13D1EC9F2D457B3300DB616F /* CurrentUser.swift */ = {isa = PBXFileReference; lastKnownFileType = sourcecode.swift; path = CurrentUser.swift; sourceTree = "<group>"; };
		13D1ECA12D457B3B00DB616F /* UserService.swift */ = {isa = PBXFileReference; lastKnownFileType = sourcecode.swift; path = UserService.swift; sourceTree = "<group>"; };
		41FD383C2D6163D600F56D4E /* ChangePasswordViewController.swift */ = {isa = PBXFileReference; lastKnownFileType = sourcecode.swift; path = ChangePasswordViewController.swift; sourceTree = "<group>"; };
		5E1A24B12D75B2270053454B /* CircularProgressView.swift */ = {isa = PBXFileReference; lastKnownFileType = sourcecode.swift; path = CircularProgressView.swift; sourceTree = "<group>"; };
		5E64934A2CE91ADD00E10A3A /* HISA.app */ = {isa = PBXFileReference; explicitFileType = wrapper.application; includeInIndex = 0; path = HISA.app; sourceTree = BUILT_PRODUCTS_DIR; };
		5E64934D2CE91ADD00E10A3A /* AppDelegate.swift */ = {isa = PBXFileReference; lastKnownFileType = sourcecode.swift; path = AppDelegate.swift; sourceTree = "<group>"; };
		5E64934F2CE91ADD00E10A3A /* SceneDelegate.swift */ = {isa = PBXFileReference; lastKnownFileType = sourcecode.swift; path = SceneDelegate.swift; sourceTree = "<group>"; };
		5E6493542CE91ADD00E10A3A /* Base */ = {isa = PBXFileReference; lastKnownFileType = file.storyboard; name = Base; path = Base.lproj/Main.storyboard; sourceTree = "<group>"; };
		5E6493592CE91ADF00E10A3A /* Base */ = {isa = PBXFileReference; lastKnownFileType = file.storyboard; name = Base; path = Base.lproj/LaunchScreen.storyboard; sourceTree = "<group>"; };
		5E64935B2CE91ADF00E10A3A /* Info.plist */ = {isa = PBXFileReference; lastKnownFileType = text.plist.xml; path = Info.plist; sourceTree = "<group>"; };
		5E8A3E592D3B1701001D3C03 /* SignUpViewController.swift */ = {isa = PBXFileReference; lastKnownFileType = sourcecode.swift; path = SignUpViewController.swift; sourceTree = "<group>"; };
		5E8A3E5B2D3B171D001D3C03 /* ForgotUserViewController.swift */ = {isa = PBXFileReference; lastKnownFileType = sourcecode.swift; path = ForgotUserViewController.swift; sourceTree = "<group>"; };
		5E8F35182D8EAF5D0018E62E /* ManagerPartListController.swift */ = {isa = PBXFileReference; lastKnownFileType = sourcecode.swift; path = ManagerPartListController.swift; sourceTree = "<group>"; };
		5E9FB6162D41A6AA00168ABB /* ScanListViewController.swift */ = {isa = PBXFileReference; lastKnownFileType = sourcecode.swift; path = ScanListViewController.swift; sourceTree = "<group>"; };
		5E9FB6182D41AC7000168ABB /* ScanListImageViewController.swift */ = {isa = PBXFileReference; lastKnownFileType = sourcecode.swift; path = ScanListImageViewController.swift; sourceTree = "<group>"; };
		8813172A2D38ED9300A9E74C /* GoogleService-Info.plist */ = {isa = PBXFileReference; lastKnownFileType = text.plist.xml; path = "GoogleService-Info.plist"; sourceTree = "<group>"; };
		8813172E2D39051900A9E74C /* LoginViewController.swift */ = {isa = PBXFileReference; lastKnownFileType = sourcecode.swift; path = LoginViewController.swift; sourceTree = "<group>"; };
		883F9F912D390D9A0016650A /* ViewController.swift */ = {isa = PBXFileReference; lastKnownFileType = sourcecode.swift; path = ViewController.swift; sourceTree = "<group>"; };
		886618492D71733C00B32D16 /* ActivityLogViewController.swift */ = {isa = PBXFileReference; lastKnownFileType = sourcecode.swift; path = ActivityLogViewController.swift; sourceTree = "<group>"; };
		8869D0FD2D6D3404001C8728 /* Assets.xcassets */ = {isa = PBXFileReference; lastKnownFileType = folder.assetcatalog; path = Assets.xcassets; sourceTree = "<group>"; };
		888E75882D4249B20028D518 /* ManagerDashViewController.swift */ = {isa = PBXFileReference; lastKnownFileType = sourcecode.swift; path = ManagerDashViewController.swift; sourceTree = "<group>"; };
		888E758A2D424B0F0028D518 /* EmployeeTableViewCell.swift */ = {isa = PBXFileReference; lastKnownFileType = sourcecode.swift; path = EmployeeTableViewCell.swift; sourceTree = "<group>"; };
		888E758E2D425A020028D518 /* EmployeeDetailViewController.swift */ = {isa = PBXFileReference; lastKnownFileType = sourcecode.swift; path = EmployeeDetailViewController.swift; sourceTree = "<group>"; };
		888E75902D425F530028D518 /* Employee.swift */ = {isa = PBXFileReference; lastKnownFileType = sourcecode.swift; path = Employee.swift; sourceTree = "<group>"; };
		88E5A6C42D63D6A900DBF47C /* ScanViewController.swift */ = {isa = PBXFileReference; lastKnownFileType = sourcecode.swift; path = ScanViewController.swift; sourceTree = "<group>"; };
/* End PBXFileReference section */

/* Begin PBXFrameworksBuildPhase section */
		5E6493472CE91ADD00E10A3A /* Frameworks */ = {
			isa = PBXFrameworksBuildPhase;
			buildActionMask = 2147483647;
			files = (
				8813172D2D38FE2E00A9E74C /* FirebaseDatabase in Frameworks */,
				5E9FB6132D41981200168ABB /* FirebaseStorage in Frameworks */,
				5E9FB6112D41981200168ABB /* FirebaseAuth in Frameworks */,
				881317272D38E67B00A9E74C /* FirebaseAnalytics in Frameworks */,
			);
			runOnlyForDeploymentPostprocessing = 0;
		};
/* End PBXFrameworksBuildPhase section */

/* Begin PBXGroup section */
		5E6493412CE91ADD00E10A3A = {
			isa = PBXGroup;
			children = (
				5E64934C2CE91ADD00E10A3A /* HISA */,
				5E64934B2CE91ADD00E10A3A /* Products */,
			);
			sourceTree = "<group>";
		};
		5E64934B2CE91ADD00E10A3A /* Products */ = {
			isa = PBXGroup;
			children = (
				5E64934A2CE91ADD00E10A3A /* HISA.app */,
			);
			name = Products;
			sourceTree = "<group>";
		};
		5E64934C2CE91ADD00E10A3A /* HISA */ = {
			isa = PBXGroup;
			children = (
				5E64934D2CE91ADD00E10A3A /* AppDelegate.swift */,
				88E5A6C42D63D6A900DBF47C /* ScanViewController.swift */,
				8813172E2D39051900A9E74C /* LoginViewController.swift */,
				5E64934F2CE91ADD00E10A3A /* SceneDelegate.swift */,
				1336526B2CE941470061D5B3 /* HomeViewContoller.swift */,
				1336526C2CE941470061D5B3 /* SettingsViewController.swift */,
				1336526D2CE941470061D5B3 /* StatsViewController.swift */,
				883F9F912D390D9A0016650A /* ViewController.swift */,
				888E75882D4249B20028D518 /* ManagerDashViewController.swift */,
				886618492D71733C00B32D16 /* ActivityLogViewController.swift */,
				888E75902D425F530028D518 /* Employee.swift */,
				888E758E2D425A020028D518 /* EmployeeDetailViewController.swift */,
				888E758A2D424B0F0028D518 /* EmployeeTableViewCell.swift */,
				5E6493532CE91ADD00E10A3A /* Main.storyboard */,
				5E6493582CE91ADF00E10A3A /* LaunchScreen.storyboard */,
				5E64935B2CE91ADF00E10A3A /* Info.plist */,
				8813172A2D38ED9300A9E74C /* GoogleService-Info.plist */,
				5E8A3E592D3B1701001D3C03 /* SignUpViewController.swift */,
				5E8A3E5B2D3B171D001D3C03 /* ForgotUserViewController.swift */,
				5E9FB6162D41A6AA00168ABB /* ScanListViewController.swift */,
				5E9FB6182D41AC7000168ABB /* ScanListImageViewController.swift */,
				41FD383C2D6163D600F56D4E /* ChangePasswordViewController.swift */,
				13D1EC9F2D457B3300DB616F /* CurrentUser.swift */,
				13D1ECA12D457B3B00DB616F /* UserService.swift */,
				8869D0FD2D6D3404001C8728 /* Assets.xcassets */,
				5E1A24B12D75B2270053454B /* CircularProgressView.swift */,
				5E8F35182D8EAF5D0018E62E /* ManagerPartListController.swift */,
			);
			path = HISA;
			sourceTree = "<group>";
		};
/* End PBXGroup section */

/* Begin PBXNativeTarget section */
		5E6493492CE91ADD00E10A3A /* HISA */ = {
			isa = PBXNativeTarget;
			buildConfigurationList = 5E64935E2CE91ADF00E10A3A /* Build configuration list for PBXNativeTarget "HISA" */;
			buildPhases = (
				5E6493462CE91ADD00E10A3A /* Sources */,
				5E6493472CE91ADD00E10A3A /* Frameworks */,
				5E6493482CE91ADD00E10A3A /* Resources */,
			);
			buildRules = (
			);
			dependencies = (
			);
			name = HISA;
			productName = HISA;
			productReference = 5E64934A2CE91ADD00E10A3A /* HISA.app */;
			productType = "com.apple.product-type.application";
		};
/* End PBXNativeTarget section */

/* Begin PBXProject section */
		5E6493422CE91ADD00E10A3A /* Project object */ = {
			isa = PBXProject;
			attributes = {
				BuildIndependentTargetsInParallel = 1;
				LastSwiftUpdateCheck = 1430;
				LastUpgradeCheck = 1430;
				TargetAttributes = {
					5E6493492CE91ADD00E10A3A = {
						CreatedOnToolsVersion = 14.3;
					};
				};
			};
			buildConfigurationList = 5E6493452CE91ADD00E10A3A /* Build configuration list for PBXProject "HISA" */;
			compatibilityVersion = "Xcode 14.0";
			developmentRegion = en;
			hasScannedForEncodings = 0;
			knownRegions = (
				en,
				Base,
			);
			mainGroup = 5E6493412CE91ADD00E10A3A;
			packageReferences = (
				881317252D38E67B00A9E74C /* XCRemoteSwiftPackageReference "firebase-ios-sdk" */,
			);
			productRefGroup = 5E64934B2CE91ADD00E10A3A /* Products */;
			projectDirPath = "";
			projectRoot = "";
			targets = (
				5E6493492CE91ADD00E10A3A /* HISA */,
			);
		};
/* End PBXProject section */

/* Begin PBXResourcesBuildPhase section */
		5E6493482CE91ADD00E10A3A /* Resources */ = {
			isa = PBXResourcesBuildPhase;
			buildActionMask = 2147483647;
			files = (
				5E64935A2CE91ADF00E10A3A /* LaunchScreen.storyboard in Resources */,
				8813172B2D38ED9300A9E74C /* GoogleService-Info.plist in Resources */,
				8869D0FE2D6D3404001C8728 /* Assets.xcassets in Resources */,
				5E6493552CE91ADD00E10A3A /* Main.storyboard in Resources */,
			);
			runOnlyForDeploymentPostprocessing = 0;
		};
/* End PBXResourcesBuildPhase section */

/* Begin PBXSourcesBuildPhase section */
		5E6493462CE91ADD00E10A3A /* Sources */ = {
			isa = PBXSourcesBuildPhase;
			buildActionMask = 2147483647;
			files = (
				8866184A2D71733C00B32D16 /* ActivityLogViewController.swift in Sources */,
				88E5A6C52D63D6A900DBF47C /* ScanViewController.swift in Sources */,
				1336526E2CE941470061D5B3 /* SettingsViewController.swift in Sources */,
				1336526F2CE941470061D5B3 /* StatsViewController.swift in Sources */,
				13D1ECA22D457B3F00DB616F /* UserService.swift in Sources */,
				133652702CE941470061D5B3 /* HomeViewContoller.swift in Sources */,
				888E75912D425F530028D518 /* Employee.swift in Sources */,
				41FD383D2D6163E900F56D4E /* ChangePasswordViewController.swift in Sources */,
				8813172F2D39051900A9E74C /* LoginViewController.swift in Sources */,
				888E758F2D425A020028D518 /* EmployeeDetailViewController.swift in Sources */,
				5E1A24B22D75B2270053454B /* CircularProgressView.swift in Sources */,
				5E8A3E5C2D3B171D001D3C03 /* ForgotUserViewController.swift in Sources */,
				888E758B2D424B0F0028D518 /* EmployeeTableViewCell.swift in Sources */,
				5E64934E2CE91ADD00E10A3A /* AppDelegate.swift in Sources */,
				5E6493502CE91ADD00E10A3A /* SceneDelegate.swift in Sources */,
				5E8A3E5A2D3B1701001D3C03 /* SignUpViewController.swift in Sources */,
				13D1ECA02D457B3600DB616F /* CurrentUser.swift in Sources */,
				883F9F922D390D9A0016650A /* ViewController.swift in Sources */,
				5E8F35192D8EAF5D0018E62E /* ManagerPartListController.swift in Sources */,
				5E9FB6192D41AC7000168ABB /* ScanListImageViewController.swift in Sources */,
				5E9FB6172D41A6AA00168ABB /* ScanListViewController.swift in Sources */,
				888E75892D4249B20028D518 /* ManagerDashViewController.swift in Sources */,
			);
			runOnlyForDeploymentPostprocessing = 0;
		};
/* End PBXSourcesBuildPhase section */

/* Begin PBXVariantGroup section */
		5E6493532CE91ADD00E10A3A /* Main.storyboard */ = {
			isa = PBXVariantGroup;
			children = (
				5E6493542CE91ADD00E10A3A /* Base */,
			);
			name = Main.storyboard;
			sourceTree = "<group>";
		};
		5E6493582CE91ADF00E10A3A /* LaunchScreen.storyboard */ = {
			isa = PBXVariantGroup;
			children = (
				5E6493592CE91ADF00E10A3A /* Base */,
			);
			name = LaunchScreen.storyboard;
			sourceTree = "<group>";
		};
/* End PBXVariantGroup section */

/* Begin XCBuildConfiguration section */
		5E64935C2CE91ADF00E10A3A /* Debug */ = {
			isa = XCBuildConfiguration;
			buildSettings = {
				ALWAYS_SEARCH_USER_PATHS = NO;
				CLANG_ANALYZER_NONNULL = YES;
				CLANG_ANALYZER_NUMBER_OBJECT_CONVERSION = YES_AGGRESSIVE;
				CLANG_CXX_LANGUAGE_STANDARD = "gnu++20";
				CLANG_ENABLE_MODULES = YES;
				CLANG_ENABLE_OBJC_ARC = YES;
				CLANG_ENABLE_OBJC_WEAK = YES;
				CLANG_WARN_BLOCK_CAPTURE_AUTORELEASING = YES;
				CLANG_WARN_BOOL_CONVERSION = YES;
				CLANG_WARN_COMMA = YES;
				CLANG_WARN_CONSTANT_CONVERSION = YES;
				CLANG_WARN_DEPRECATED_OBJC_IMPLEMENTATIONS = YES;
				CLANG_WARN_DIRECT_OBJC_ISA_USAGE = YES_ERROR;
				CLANG_WARN_DOCUMENTATION_COMMENTS = YES;
				CLANG_WARN_EMPTY_BODY = YES;
				CLANG_WARN_ENUM_CONVERSION = YES;
				CLANG_WARN_INFINITE_RECURSION = YES;
				CLANG_WARN_INT_CONVERSION = YES;
				CLANG_WARN_NON_LITERAL_NULL_CONVERSION = YES;
				CLANG_WARN_OBJC_IMPLICIT_RETAIN_SELF = YES;
				CLANG_WARN_OBJC_LITERAL_CONVERSION = YES;
				CLANG_WARN_OBJC_ROOT_CLASS = YES_ERROR;
				CLANG_WARN_QUOTED_INCLUDE_IN_FRAMEWORK_HEADER = YES;
				CLANG_WARN_RANGE_LOOP_ANALYSIS = YES;
				CLANG_WARN_STRICT_PROTOTYPES = YES;
				CLANG_WARN_SUSPICIOUS_MOVE = YES;
				CLANG_WARN_UNGUARDED_AVAILABILITY = YES_AGGRESSIVE;
				CLANG_WARN_UNREACHABLE_CODE = YES;
				CLANG_WARN__DUPLICATE_METHOD_MATCH = YES;
				COPY_PHASE_STRIP = NO;
				DEBUG_INFORMATION_FORMAT = dwarf;
				ENABLE_STRICT_OBJC_MSGSEND = YES;
				ENABLE_TESTABILITY = YES;
				GCC_C_LANGUAGE_STANDARD = gnu11;
				GCC_DYNAMIC_NO_PIC = NO;
				GCC_NO_COMMON_BLOCKS = YES;
				GCC_OPTIMIZATION_LEVEL = 0;
				GCC_PREPROCESSOR_DEFINITIONS = (
					"DEBUG=1",
					"$(inherited)",
				);
				GCC_WARN_64_TO_32_BIT_CONVERSION = YES;
				GCC_WARN_ABOUT_RETURN_TYPE = YES_ERROR;
				GCC_WARN_UNDECLARED_SELECTOR = YES;
				GCC_WARN_UNINITIALIZED_AUTOS = YES_AGGRESSIVE;
				GCC_WARN_UNUSED_FUNCTION = YES;
				GCC_WARN_UNUSED_VARIABLE = YES;
				IPHONEOS_DEPLOYMENT_TARGET = 16.4;
				MTL_ENABLE_DEBUG_INFO = INCLUDE_SOURCE;
				MTL_FAST_MATH = YES;
				ONLY_ACTIVE_ARCH = YES;
				SDKROOT = iphoneos;
				SWIFT_ACTIVE_COMPILATION_CONDITIONS = DEBUG;
				SWIFT_OPTIMIZATION_LEVEL = "-Onone";
			};
			name = Debug;
		};
		5E64935D2CE91ADF00E10A3A /* Release */ = {
			isa = XCBuildConfiguration;
			buildSettings = {
				ALWAYS_SEARCH_USER_PATHS = NO;
				CLANG_ANALYZER_NONNULL = YES;
				CLANG_ANALYZER_NUMBER_OBJECT_CONVERSION = YES_AGGRESSIVE;
				CLANG_CXX_LANGUAGE_STANDARD = "gnu++20";
				CLANG_ENABLE_MODULES = YES;
				CLANG_ENABLE_OBJC_ARC = YES;
				CLANG_ENABLE_OBJC_WEAK = YES;
				CLANG_WARN_BLOCK_CAPTURE_AUTORELEASING = YES;
				CLANG_WARN_BOOL_CONVERSION = YES;
				CLANG_WARN_COMMA = YES;
				CLANG_WARN_CONSTANT_CONVERSION = YES;
				CLANG_WARN_DEPRECATED_OBJC_IMPLEMENTATIONS = YES;
				CLANG_WARN_DIRECT_OBJC_ISA_USAGE = YES_ERROR;
				CLANG_WARN_DOCUMENTATION_COMMENTS = YES;
				CLANG_WARN_EMPTY_BODY = YES;
				CLANG_WARN_ENUM_CONVERSION = YES;
				CLANG_WARN_INFINITE_RECURSION = YES;
				CLANG_WARN_INT_CONVERSION = YES;
				CLANG_WARN_NON_LITERAL_NULL_CONVERSION = YES;
				CLANG_WARN_OBJC_IMPLICIT_RETAIN_SELF = YES;
				CLANG_WARN_OBJC_LITERAL_CONVERSION = YES;
				CLANG_WARN_OBJC_ROOT_CLASS = YES_ERROR;
				CLANG_WARN_QUOTED_INCLUDE_IN_FRAMEWORK_HEADER = YES;
				CLANG_WARN_RANGE_LOOP_ANALYSIS = YES;
				CLANG_WARN_STRICT_PROTOTYPES = YES;
				CLANG_WARN_SUSPICIOUS_MOVE = YES;
				CLANG_WARN_UNGUARDED_AVAILABILITY = YES_AGGRESSIVE;
				CLANG_WARN_UNREACHABLE_CODE = YES;
				CLANG_WARN__DUPLICATE_METHOD_MATCH = YES;
				COPY_PHASE_STRIP = NO;
				DEBUG_INFORMATION_FORMAT = "dwarf-with-dsym";
				ENABLE_NS_ASSERTIONS = NO;
				ENABLE_STRICT_OBJC_MSGSEND = YES;
				GCC_C_LANGUAGE_STANDARD = gnu11;
				GCC_NO_COMMON_BLOCKS = YES;
				GCC_WARN_64_TO_32_BIT_CONVERSION = YES;
				GCC_WARN_ABOUT_RETURN_TYPE = YES_ERROR;
				GCC_WARN_UNDECLARED_SELECTOR = YES;
				GCC_WARN_UNINITIALIZED_AUTOS = YES_AGGRESSIVE;
				GCC_WARN_UNUSED_FUNCTION = YES;
				GCC_WARN_UNUSED_VARIABLE = YES;
				IPHONEOS_DEPLOYMENT_TARGET = 16.4;
				MTL_ENABLE_DEBUG_INFO = NO;
				MTL_FAST_MATH = YES;
				SDKROOT = iphoneos;
				SWIFT_COMPILATION_MODE = wholemodule;
				SWIFT_OPTIMIZATION_LEVEL = "-O";
				VALIDATE_PRODUCT = YES;
			};
			name = Release;
		};
		5E64935F2CE91ADF00E10A3A /* Debug */ = {
			isa = XCBuildConfiguration;
			buildSettings = {
				ASSETCATALOG_COMPILER_APPICON_NAME = AppIcon;
				ASSETCATALOG_COMPILER_GLOBAL_ACCENT_COLOR_NAME = AccentColor;
				CODE_SIGN_STYLE = Automatic;
				CURRENT_PROJECT_VERSION = 1;
				DEVELOPMENT_TEAM = 34LV94T9AP;
				GENERATE_INFOPLIST_FILE = YES;
				INFOPLIST_FILE = HISA/Info.plist;
				INFOPLIST_KEY_NSCameraUsageDescription = "This app required camera usage to scan parts";
				INFOPLIST_KEY_NSPhotoLibraryUsageDescription = "We need access to your photo library to save the captured image.";
				INFOPLIST_KEY_UIApplicationSupportsIndirectInputEvents = YES;
				INFOPLIST_KEY_UILaunchStoryboardName = LaunchScreen;
				INFOPLIST_KEY_UIMainStoryboardFile = Main;
				INFOPLIST_KEY_UISupportedInterfaceOrientations_iPad = "UIInterfaceOrientationPortrait UIInterfaceOrientationPortraitUpsideDown UIInterfaceOrientationLandscapeLeft UIInterfaceOrientationLandscapeRight";
				INFOPLIST_KEY_UISupportedInterfaceOrientations_iPhone = "UIInterfaceOrientationPortrait UIInterfaceOrientationLandscapeLeft UIInterfaceOrientationLandscapeRight";
				LD_RUNPATH_SEARCH_PATHS = (
					"$(inherited)",
					"@executable_path/Frameworks",
				);
				MARKETING_VERSION = 1.0;
				PRODUCT_BUNDLE_IDENTIFIER = "Hoyeon-Kang";
				PRODUCT_NAME = "$(TARGET_NAME)";
				SWIFT_EMIT_LOC_STRINGS = YES;
				SWIFT_VERSION = 5.0;
				TARGETED_DEVICE_FAMILY = "1,2";
			};
			name = Debug;
		};
		5E6493602CE91ADF00E10A3A /* Release */ = {
			isa = XCBuildConfiguration;
			buildSettings = {
				ASSETCATALOG_COMPILER_APPICON_NAME = AppIcon;
				ASSETCATALOG_COMPILER_GLOBAL_ACCENT_COLOR_NAME = AccentColor;
				CODE_SIGN_STYLE = Automatic;
				CURRENT_PROJECT_VERSION = 1;
				DEVELOPMENT_TEAM = 34LV94T9AP;
				GENERATE_INFOPLIST_FILE = YES;
				INFOPLIST_FILE = HISA/Info.plist;
				INFOPLIST_KEY_NSCameraUsageDescription = "This app required camera usage to scan parts";
				INFOPLIST_KEY_NSPhotoLibraryUsageDescription = "We need access to your photo library to save the captured image.";
				INFOPLIST_KEY_UIApplicationSupportsIndirectInputEvents = YES;
				INFOPLIST_KEY_UILaunchStoryboardName = LaunchScreen;
				INFOPLIST_KEY_UIMainStoryboardFile = Main;
				INFOPLIST_KEY_UISupportedInterfaceOrientations_iPad = "UIInterfaceOrientationPortrait UIInterfaceOrientationPortraitUpsideDown UIInterfaceOrientationLandscapeLeft UIInterfaceOrientationLandscapeRight";
				INFOPLIST_KEY_UISupportedInterfaceOrientations_iPhone = "UIInterfaceOrientationPortrait UIInterfaceOrientationLandscapeLeft UIInterfaceOrientationLandscapeRight";
				LD_RUNPATH_SEARCH_PATHS = (
					"$(inherited)",
					"@executable_path/Frameworks",
				);
				MARKETING_VERSION = 1.0;
				PRODUCT_BUNDLE_IDENTIFIER = cchin45;
				PRODUCT_NAME = "$(TARGET_NAME)";
				SWIFT_EMIT_LOC_STRINGS = YES;
				SWIFT_VERSION = 5.0;
				TARGETED_DEVICE_FAMILY = "1,2";
			};
			name = Release;
		};
/* End XCBuildConfiguration section */

/* Begin XCConfigurationList section */
		5E6493452CE91ADD00E10A3A /* Build configuration list for PBXProject "HISA" */ = {
			isa = XCConfigurationList;
			buildConfigurations = (
				5E64935C2CE91ADF00E10A3A /* Debug */,
				5E64935D2CE91ADF00E10A3A /* Release */,
			);
			defaultConfigurationIsVisible = 0;
			defaultConfigurationName = Release;
		};
		5E64935E2CE91ADF00E10A3A /* Build configuration list for PBXNativeTarget "HISA" */ = {
			isa = XCConfigurationList;
			buildConfigurations = (
				5E64935F2CE91ADF00E10A3A /* Debug */,
				5E6493602CE91ADF00E10A3A /* Release */,
			);
			defaultConfigurationIsVisible = 0;
			defaultConfigurationName = Release;
		};
/* End XCConfigurationList section */

/* Begin XCRemoteSwiftPackageReference section */
		881317252D38E67B00A9E74C /* XCRemoteSwiftPackageReference "firebase-ios-sdk" */ = {
			isa = XCRemoteSwiftPackageReference;
			repositoryURL = "https://github.com/firebase/firebase-ios-sdk";
			requirement = {
				kind = upToNextMajorVersion;
				minimumVersion = 11.7.0;
			};
		};
/* End XCRemoteSwiftPackageReference section */

/* Begin XCSwiftPackageProductDependency section */
		5E9FB6102D41981200168ABB /* FirebaseAuth */ = {
			isa = XCSwiftPackageProductDependency;
			package = 881317252D38E67B00A9E74C /* XCRemoteSwiftPackageReference "firebase-ios-sdk" */;
			productName = FirebaseAuth;
		};
		5E9FB6122D41981200168ABB /* FirebaseStorage */ = {
			isa = XCSwiftPackageProductDependency;
			package = 881317252D38E67B00A9E74C /* XCRemoteSwiftPackageReference "firebase-ios-sdk" */;
			productName = FirebaseStorage;
		};
		881317262D38E67B00A9E74C /* FirebaseAnalytics */ = {
			isa = XCSwiftPackageProductDependency;
			package = 881317252D38E67B00A9E74C /* XCRemoteSwiftPackageReference "firebase-ios-sdk" */;
			productName = FirebaseAnalytics;
		};
		8813172C2D38FE2E00A9E74C /* FirebaseDatabase */ = {
			isa = XCSwiftPackageProductDependency;
			package = 881317252D38E67B00A9E74C /* XCRemoteSwiftPackageReference "firebase-ios-sdk" */;
			productName = FirebaseDatabase;
		};
/* End XCSwiftPackageProductDependency section */
	};
	rootObject = 5E6493422CE91ADD00E10A3A /* Project object */;
}
